filippo.io/edwards25519 v1.1.0 h1:FNf4tywRC1HmFuKW5xopWpigGjJKiJSV0Cqo0cJWDaA=
filippo.io/edwards25519 v1.1.0/go.mod h1:BxyFTGdWcka3PhytdK4V28tE5sGfRvvvRV7EaN4VDT4=
github.com/bsm/ginkgo/v2 v2.12.0 h1:Ny8MWAHyOepLGlLKYmXG4IEkioBysk6GpaRTLC8zwWs=
github.com/bsm/ginkgo/v2 v2.12.0/go.mod h1:SwYbGRRDovPVboqFv0tPTcG1sN61LM1Z4ARdbAV9g4c=
github.com/bsm/gomega v1.27.10 h1:yeMWxP2pV2fG3FgAODIY8EiRE3dy0aeFYt4l7wh6yKA=
github.com/bsm/gomega v1.27.10/go.mod h1:JyEr/xRbxbtgWNi8tIEVPUYZ5Dzef52k01W3YH0H+O0=
github.com/cespare/xxhash/v2 v2.2.0 h1:DC2CZ1Ep5Y4k3ZQ899DldepgrayRUGE6BBZ/cd9Cj44=
github.com/cespare/xxhash/v2 v2.2.0/go.mod h1:VGX0DQ3Q6kWi7AoAeZDth3/j3BFtOZR5XLFGgcrjCOs=
github.com/coreos/go-systemd/v22 v22.5.0/go.mod h1:Y58oyj3AT4RCenI/lSvhwexgC+NSVTIJ3seZv2GcEnc=
github.com/davecgh/go-spew v1.1.0/go.mod h1:J7Y8YcW2NihsgmVo/mv3lAwl/skON4iLHjSsI+c5H38=
github.com/davecgh/go-spew v1.1.1 h1:vj9j/u1bqnvCEfJOwUhtlOARqs3+rkHYY13jYWTU97c=
github.com/davecgh/go-spew v1.1.1/go.mod h1:J7Y8YcW2NihsgmVo/mv3lAwl/skON4iLHjSsI+c5H38=
github.com/dgryski/go-rendezvous v0.0.0-20200823014737-9f7001d12a5f h1:lO4WD4F/rVNCu3HqELle0jiPLLBs70cWOduZpkS1E78=
github.com/dgryski/go-rendezvous v0.0.0-20200823014737-9f7001d12a5f/go.mod h1:cuUVRXasLTGF7a8hSLbxyZXjz+1KgoB3wDUb6vlszIc=
github.com/dustin/go-humanize v1.0.1 h1:GzkhY7T5VNhEkwH0PVJgjz+fX1rhBrR7pRT3mDkpeCY=
github.com/dustin/go-humanize v1.0.1/go.mod h1:Mu1zIs6XwVuF/gI1OepvI0qD18qycQx+mFykh5fBlto=
github.com/go-redis/redis v6.15.9+incompatible h1:K0pv1D7EQUjfyoMql+r/jZqCLizCGKFlFgcHWWmHQjg=
github.com/go-redis/redis v6.15.9+incompatible/go.mod h1:NAIEuMOZ/fxfXJIrKDQDz8wamY7mA7PouImQ2Jvg6kA=
github.com/go-redis/redis/v7 v7.4.1 h1:PASvf36gyUpr2zdOUS/9Zqc80GbM+9BDyiJSJDDOrTI=
github.com/go-redis/redis/v7 v7.4.1/go.mod h1:JDNMw23GTyLNC4GZu9njt15ctBQVn7xjRfnwdHj/Dcg=
github.com/go-redis/redis/v8 v8.11.5 h1:AcZZR7igkdvfVmQTPnu9WE37LRrO/YrBH5zWyjDC0oI=
github.com/go-redis/redis/v8 v8.11.5/go.mod h1:gREzHqY1hg6oD9ngVRbLStwAWKhA0FEgq8Jd4h5lpwo=
github.com/go-redsync/redsync/v4 v4.13.0 h1:49X6GJfnbLGaIpBBREM/zA4uIMDXKAh1NDkvQ1EkZKA=
github.com/go-redsync/redsync/v4 v4.13.0/go.mod h1:HMW4Q224GZQz6x1Xc7040Yfgacukdzu7ifTDAKiyErQ=
github.com/go-sql-driver/mysql v1.8.1 h1:LedoTUt/eveggdHS9qUFC1EFSa8bU2+1pZjSRpvNJ1Y=
github.com/go-sql-driver/mysql v1.8.1/go.mod h1:wEBSXgmK//2ZFJyE+qWnIsVGmvmEKlqwuVSjsCm7DZg=
github.com/godbus/dbus/v5 v5.0.4/go.mod h1:xhWf0FNVPg57R7Z0UbKHbJfkEywrmjJnf7w5xrFpKfA=
github.com/gomodule/redigo v1.8.9 h1:Sl3u+2BI/kk+VEatbj0scLdrFhjPmbxOc1myhDP41ws=
github.com/gomodule/redigo v1.8.9/go.mod h1:7ArFNvsTjH8GMMzB4uy1snslv2BwmginuMs06a1uzZE=
github.com/google/pprof v0.0.0-20250317173921-a4b03ec1a45e h1:ijClszYn+mADRFY17kjQEVQ1XRhq2/JR1M3sGqeJoxs=
github.com/google/pprof v0.0.0-20250317173921-a4b03ec1a45e/go.mod h1:boTsfXsheKC2y+lKOCMpSfarhxDeIzfZG1jqGcPl3cA=
github.com/google/uuid v1.6.0 h1:NIvaJDMOsjHA8n1jAhLSgzrAzy1Hgr+hNrb57e+94F0=
github.com/google/uuid v1.6.0/go.mod h1:TIyPZe4MgqvfeYDBFedMoGGpEw/LqOeaOT+nhxU+yHo=
github.com/hashicorp/errwrap v1.0.0/go.mod h1:YH+1FKiLXxHSkmPseP+kNlulaMuP3n2brvKWEqk/Jc4=
github.com/hashicorp/errwrap v1.1.0 h1:OxrOeh75EUXMY8TBjag2fzXGZ40LB6IKw45YeGUDY2I=
github.com/hashicorp/errwrap v1.1.0/go.mod h1:YH+1FKiLXxHSkmPseP+kNlulaMuP3n2brvKWEqk/Jc4=
github.com/hashicorp/go-multierror v1.1.1 h1:H5DkEtf6CXdFp0N0Em5UCwQpXMWke8IA0+lD48awMYo=
github.com/hashicorp/go-multierror v1.1.1/go.mod h1:iw975J/qwKPdAO1clOe2L8331t/9/fmwbPZ6JB6eMoM=
github.com/jmoiron/sqlx v1.4.0 h1:1PLqN7S1UYp5t4SrVVnt4nUVNemrDAtxlulVe+Qgm3o=
github.com/jmoiron/sqlx v1.4.0/go.mod h1:ZrZ7UsYB/weZdl2Bxg6jCRO9c3YHl8r3ahlKmRT4JLY=
github.com/lib/pq v1.10.9 h1:YXG7RB+JIjhP29X+OtkiDnYaXQwpS4JEWq7dtCCRUEw=
github.com/lib/pq v1.10.9/go.mod h1:AlVN5x4E4T544tWzH6hKfbfQvm3HdbOxrmggDNAPY9o=
github.com/mattn/go-colorable v0.1.13/go.mod h1:7S9/ev0klgBDR4GtXTXX8a3vIGJpMovkB8vQcUbaXHg=
github.com/mattn/go-colorable v0.1.14 h1:9A9LHSqF/7dyVVX6g0U9cwm9pG3kP9gSzcuIPHPsaIE=
github.com/mattn/go-colorable v0.1.14/go.mod h1:6LmQG8QLFO4G5z1gPvYEzlUgJ2wF+stgPZH1UqBm1s8=
github.com/mattn/go-isatty v0.0.16/go.mod h1:kYGgaQfpe5nmfYZH+SKPsOc2e4SrIfOl2e/yFXSvRLM=
github.com/mattn/go-isatty v0.0.19/go.mod h1:W+V8PltTTMOvKvAeJH7IuucS94S2C6jfK/D7dTCTo3Y=
github.com/mattn/go-isatty v0.0.20 h1:xfD0iDuEKnDkl03q4limB+vH+GxLEtL/jb4xVJSWWEY=
github.com/mattn/go-isatty v0.0.20/go.mod h1:W+V8PltTTMOvKvAeJH7IuucS94S2C6jfK/D7dTCTo3Y=
github.com/mattn/go-sqlite3 v1.14.22 h1:2gZY6PC6kBnID23Tichd1K+Z0oS6nE/XwU+Vz/5o4kU=
github.com/mattn/go-sqlite3 v1.14.22/go.mod h1:Uh1q+B4BYcTPb+yiD3kU8Ct7aC0hY9fxUwlHK0RXw+Y=
github.com/mitchellh/mapstructure v1.5.0 h1:jeMsZIYE/09sWLaz43PL7Gy6RuMjD2eJVyuac5Z2hdY=
github.com/mitchellh/mapstructure v1.5.0/go.mod h1:bFUtVrKA4DC2yAKiSyO/QUcy7e+RRV2QTWOzhPopBRo=
github.com/ncruces/go-strftime v0.1.9 h1:bY0MQC28UADQmHmaF5dgpLmImcShSi2kHU9XLdhx/f4=
github.com/ncruces/go-strftime v0.1.9/go.mod h1:Fwc5htZGVVkseilnfgOVb9mKy6w1naJmn9CehxcKcls=
github.com/pkg/errors v0.9.1/go.mod h1:bwawxfHBFNV+L2hUp1rHADufV3IMtnDRdf1r5NINEl0=
github.com/pmezard/go-difflib v1.0.0 h1:4DBwDE0NGyQoBHbLQYPwSUPoCMWR5BEzIk/f1lZbAQM=
github.com/pmezard/go-difflib v1.0.0/go.mod h1:iKH77koFhYxTK1pcRnkKkqfTogsbg7gZNVY4sRDYZ/4=
github.com/redis/go-redis/v9 v9.5.1 h1:H1X4D3yHPaYrkL5X06Wh6xNVM/pX0Ft4RV0vMGvLBh8=
github.com/redis/go-redis/v9 v9.5.1/go.mod h1:hdY0cQFCN4fnSYT6TkisLufl/4W5UIXyv0b/CLO2V2M=
github.com/redis/rueidis v1.0.19 h1:s65oWtotzlIFN8eMPhyYwxlwLR1lUdhza2KtWprKYSo=
github.com/redis/rueidis v1.0.19/go.mod h1:8B+r5wdnjwK3lTFml5VtxjzGOQAC+5UmujoD12pDrEo=
github.com/remyoudompheng/bigfft v0.0.0-20230129092748-24d4a6f8daec h1:W09IVJc94icq4NjY3clb7Lk8O1qJ8BdBEF8z0ibU0rE=
github.com/remyoudompheng/bigfft v0.0.0-20230129092748-24d4a6f8daec/go.mod h1:qqbHyh8v60DhA7CoWK5oRCqLrMHRGoxYCSS9EjAz6Eo=
github.com/rs/xid v1.6.0/go.mod h1:7XoLgs4eV+QndskICGsho+ADou8ySMSjJKDIan90Nz0=
github.com/rs/zerolog v1.34.0 h1:k43nTLIwcTVQAncfCw4KZ2VY6ukYoZaBPNOE8txlOeY=
github.com/rs/zerolog v1.34.0/go.mod h1:bJsvje4Z08ROH4Nhs5iH600c3IkWhwp44iRc54W6wYQ=
github.com/sovamorco/errorx v0.4.0 h1:iqPOvCK/x4SQ4lZCPS7WxHo2+YntFdJyx9e4Smm1S9k=
github.com/sovamorco/errorx v0.4.0/go.mod h1:Po3MVee3CjcDUncxq7oggPcxUDZozwL6/BpataJ+5bU=
github.com/stretchr/objx v0.1.0/go.mod h1:HFkY916IF+rwdDfMAkV7OtwuqBVzrE8GR6GFx+wExME=
github.com/stretchr/objx v0.4.0/go.mod h1:YvHI0jy2hoMjB+UWwv71VJQ9isScKT/TqJzVSSt89Yw=
github.com/stretchr/objx v0.5.0/go.mod h1:Yh+to48EsGEfYuaHDzXPcE3xhTkx73EhmCGUpEOglKo=
github.com/stretchr/testify v1.2.2/go.mod h1:a8OnRcib4nhh0OaRAV+Yts87kKdq0PP7pXfy6kDkUVs=
github.com/stretchr/testify v1.7.1/go.mod h1:6Fq8oRcR53rry900zMqJjRRixrwX3KX962/h/Wwjteg=
github.com/stretchr/testify v1.8.0/go.mod h1:yNjHg4UonilssWZ8iaSj1OCr/vHnekPRkoO+kdMU+MU=
github.com/stretchr/testify v1.8.1 h1:w7B6lhMri9wdJUVmEZPGGhZzrYTPvgJArz7wNPgYKsk=
github.com/stretchr/testify v1.8.1/go.mod h1:w2LPCIKwWwSfY2zedu0+kehJoqGctiVI29o6fzry7u4=
github.com/stvp/tempredis v0.0.0-20181119212430-b82af8480203 h1:QVqDTf3h2WHt08YuiTGPZLls0Wq99X9bWd0Q5ZSBesM=
github.com/stvp/tempredis v0.0.0-20181119212430-b82af8480203/go.mod h1:oqN97ltKNihBbwlX8dLpwxCl3+HnXKV/R0e+sRLd9C8=
golang.org/x/exp v0.0.0-20250408133849-7e4ce0ab07d0 h1:R84qjqJb5nVJMxqWYb3np9L5ZsaDtB+a39EqjV0JSUM=
golang.org/x/exp v0.0.0-20250408133849-7e4ce0ab07d0/go.mod h1:S9Xr4PYopiDyqSyp5NjCrhFrqg6A5zA2E/iPHPhqnS8=
golang.org/x/mod v0.24.0 h1:ZfthKaKaT4NrhGVZHO1/WDTwGES4De8KtWO0SIbNJMU=
golang.org/x/mod v0.24.0/go.mod h1:IXM97Txy2VM4PJ3gI61r1YEk/gAj6zAHN3AdZt6S9Ww=
golang.org/x/sync v0.14.0 h1:woo0S4Yywslg6hp4eUFjTVOyKt0RookbpAHG4c1HmhQ=
golang.org/x/sync v0.14.0/go.mod h1:1dzgHSNfp02xaA81J2MS99Qcpr2w7fw1gpm99rleRqA=
golang.org/x/sys v0.0.0-20220811171246-fbc7d0a398ab/go.mod h1:oPkhp1MJrh7nUepCBck5+mAzfO9JrbApNNgaTdGDITg=
golang.org/x/sys v0.6.0/go.mod h1:oPkhp1MJrh7nUepCBck5+mAzfO9JrbApNNgaTdGDITg=
golang.org/x/sys v0.12.0/go.mod h1:oPkhp1MJrh7nUepCBck5+mAzfO9JrbApNNgaTdGDITg=
golang.org/x/sys v0.33.0 h1:q3i8TbbEz+JRD9ywIRlyRAQbM0qF7hu24q3teo2hbuw=
golang.org/x/sys v0.33.0/go.mod h1:BJP2sWEmIv4KK5OTEluFJCKSidICx8ciO85XgH3Ak8k=
golang.org/x/tools v0.33.0 h1:4qz2S3zmRxbGIhDIAgjxvFutSvH5EfnsYrRBj0UI0bc=
golang.org/x/tools v0.33.0/go.mod h1:CIJMaWEY88juyUfo7UbgPqbC8rU2OqfAV1h2Qp0oMYI=
gopkg.in/check.v1 v0.0.0-20161208181325-20d25e280405 h1:yhCVgyC4o1eVCa2tZl7eS0r+SDo693bJlVdllGtEeKM=
gopkg.in/check.v1 v0.0.0-20161208181325-20d25e280405/go.mod h1:Co6ibVJAznAaIkqp8huTwlJQCZ016jof/cbN4VW5Yz0=
gopkg.in/yaml.v3 v3.0.0-20200313102051-9f266ea9e77c/go.mod h1:K4uyk7z7BCEPqu6E+C64Yfv1cQ7kz7rIZviUmN+EgEM=
gopkg.in/yaml.v3 v3.0.1 h1:fxVm/GzAzEWqLHuvctI91KS9hhNmmWOoWu0XTYJS7CA=
gopkg.in/yaml.v3 v3.0.1/go.mod h1:K4uyk7z7BCEPqu6E+C64Yfv1cQ7kz7rIZviUmN+EgEM=
modernc.org/cc/v4 v4.26.1 h1:+X5NtzVBn0KgsBCBe+xkDC7twLb/jNVj9FPgiwSQO3s=
modernc.org/cc/v4 v4.26.1/go.mod h1:uVtb5OGqUKpoLWhqwNQo/8LwvoiEBLvZXIQ/SmO6mL0=
modernc.org/ccgo/v4 v4.28.0 h1:rjznn6WWehKq7dG4JtLRKxb52Ecv8OUGah8+Z/SfpNU=
modernc.org/ccgo/v4 v4.28.0/go.mod h1:JygV3+9AV6SmPhDasu4JgquwU81XAKLd3OKTUDNOiKE=
modernc.org/fileutil v1.3.3 h1:3qaU+7f7xxTUmvU1pJTZiDLAIoJVdUSSauJNHg9yXoA=
modernc.org/fileutil v1.3.3/go.mod h1:HxmghZSZVAz/LXcMNwZPA/DRrQZEVP9VX0V4LQGQFOc=
modernc.org/gc/v2 v2.6.5 h1:nyqdV8q46KvTpZlsw66kWqwXRHdjIlJOhG6kxiV/9xI=
modernc.org/gc/v2 v2.6.5/go.mod h1:YgIahr1ypgfe7chRuJi2gD7DBQiKSLMPgBQe9oIiito=
modernc.org/libc v1.65.10 h1:ZwEk8+jhW7qBjHIT+wd0d9VjitRyQef9BnzlzGwMODc=
modernc.org/libc v1.65.10/go.mod h1:StFvYpx7i/mXtBAfVOjaU0PWZOvIRoZSgXhrwXzr8Po=
modernc.org/mathutil v1.7.1 h1:GCZVGXdaN8gTqB1Mf/usp1Y/hSqgI2vAGGP4jZMCxOU=
modernc.org/mathutil v1.7.1/go.mod h1:4p5IwJITfppl0G4sUEDtCr4DthTaT47/N3aT6MhfgJg=
modernc.org/memory v1.11.0 h1:o4QC8aMQzmcwCK3t3Ux/ZHmwFPzE6hf2Y5LbkRs+hbI=
modernc.org/memory v1.11.0/go.mod h1:/JP4VbVC+K5sU2wZi9bHoq2MAkCnrt2r98UGeSK7Mjw=
modernc.org/opt v0.1.4 h1:2kNGMRiUjrp4LcaPuLY2PzUfqM/w9N23quVwhKt5Qm8=
modernc.org/opt v0.1.4/go.mod h1:03fq9lsNfvkYSfxrfUhZCWPk1lm4cq4N+Bh//bEtgns=
modernc.org/sortutil v1.2.1 h1:+xyoGf15mM3NMlPDnFqrteY07klSFxLElE2PVuWIJ7w=
modernc.org/sortutil v1.2.1/go.mod h1:7ZI3a3REbai7gzCLcotuw9AC4VZVpYMjDzETGsSMqJE=
modernc.org/sqlite v1.38.0 h1:+4OrfPQ8pxHKuWG4md1JpR/EYAh3Md7TdejuuzE7EUI=
modernc.org/sqlite v1.38.0/go.mod h1:1Bj+yES4SVvBZ4cBOpVZ6QgesMCKpJZDq0nxYzOpmNE=
modernc.org/strutil v1.2.1 h1:UneZBkQA+DX2Rp35KcM69cSsNES9ly8mQWD71HKlOA0=
modernc.org/strutil v1.2.1/go.mod h1:EHkiggD70koQxjVdSBM3JKM7k6L0FbGE5eymy9i3B9A=
modernc.org/token v1.1.0 h1:Xl7Ap9dKaEs5kLoOQeQmPWevfnk/DM5qcLcYlA8ys6Y=
modernc.org/token v1.1.0/go.mod h1:UGzOrNV1mAFSEB63lOFHIpNRUVMvYTc6yu1SMY/XTDM=
